
Microsoft Visual Studio Solution File, Format Version 12.00
# Visual Studio Version 16
VisualStudioVersion = 16.0.30413.136
MinimumVisualStudioVersion = 10.0.40219.1
Project("{FAE04EC0-301F-11D3-BF4B-00C04F79EFBC}") = "ElasticsearchIntegration", "ElasticsearchIntegration\ElasticsearchIntegration.csproj", "{5FAF2CE2-591D-4C7D-A689-DFC4F84D2D36}"
EndProject
Global
	GlobalSection(SolutionConfigurationPlatforms) = preSolution
		Debug|Any CPU = Debug|Any CPU
		Release|Any CPU = Release|Any CPU
	EndGlobalSection
	GlobalSection(ProjectConfigurationPlatforms) = postSolution
		{5FAF2CE2-591D-4C7D-A689-DFC4F84D2D36}.Debug|Any CPU.ActiveCfg = Debug|Any CPU
		{5FAF2CE2-591D-4C7D-A689-DFC4F84D2D36}.Debug|Any CPU.Build.0 = Debug|Any CPU
		{5FAF2CE2-591D-4C7D-A689-DFC4F84D2D36}.Release|Any CPU.ActiveCfg = Release|Any CPU
		{5FAF2CE2-591D-4C7D-A689-DFC4F84D2D36}.Release|Any CPU.Build.0 = Release|Any CPU
	EndGlobalSection
	GlobalSection(SolutionProperties) = preSolution
		HideSolutionNode = FALSE
	EndGlobalSection
	GlobalSection(ExtensibilityGlobals) = postSolution
		SolutionGuid = {59749EDC-1AC3-48FE-82AB-31410D2AA882}
	EndGlobalSection
EndGlobal
